
Microsoft Visual Studio Solution File, Format Version 12.00
# Visual Studio 15
VisualStudioVersion = 15.0.27703.2042
MinimumVisualStudioVersion = 10.0.40219.1
Project("{FAE04EC0-301F-11D3-BF4B-00C04F79EFBC}") = "SampleCoreProj_FE", "SampleCoreProj\SampleCoreProj_FE.csproj", "{BCFECA61-0B5E-42FF-B930-7545EAC45A30}"
EndProject
Project("{FAE04EC0-301F-11D3-BF4B-00C04F79EFBC}") = "SampleCoreProj_API", "SampleCoreProj_API\SampleCoreProj_API.csproj", "{395539F3-4BE0-4139-A35E-F26F0E8C19D3}"
EndProject
Global
	GlobalSection(SolutionConfigurationPlatforms) = preSolution
		Debug|Any CPU = Debug|Any CPU
		Release|Any CPU = Release|Any CPU
	EndGlobalSection
	GlobalSection(ProjectConfigurationPlatforms) = postSolution
		{BCFECA61-0B5E-42FF-B930-7545EAC45A30}.Debug|Any CPU.ActiveCfg = Debug|Any CPU
		{BCFECA61-0B5E-42FF-B930-7545EAC45A30}.Debug|Any CPU.Build.0 = Debug|Any CPU
		{BCFECA61-0B5E-42FF-B930-7545EAC45A30}.Release|Any CPU.ActiveCfg = Release|Any CPU
		{BCFECA61-0B5E-42FF-B930-7545EAC45A30}.Release|Any CPU.Build.0 = Release|Any CPU
		{395539F3-4BE0-4139-A35E-F26F0E8C19D3}.Debug|Any CPU.ActiveCfg = Debug|Any CPU
		{395539F3-4BE0-4139-A35E-F26F0E8C19D3}.Debug|Any CPU.Build.0 = Debug|Any CPU
		{395539F3-4BE0-4139-A35E-F26F0E8C19D3}.Release|Any CPU.ActiveCfg = Release|Any CPU
		{395539F3-4BE0-4139-A35E-F26F0E8C19D3}.Release|Any CPU.Build.0 = Release|Any CPU
	EndGlobalSection
	GlobalSection(SolutionProperties) = preSolution
		HideSolutionNode = FALSE
	EndGlobalSection
	GlobalSection(ExtensibilityGlobals) = postSolution
		SolutionGuid = {FDDA1A4F-65A2-4A4B-8423-59B396A2F2F9}
	EndGlobalSection
EndGlobal
